{
  "name": "Explorer",
  "lockfileVersion": 2,
  "requires": true,
  "packages": {
    "": {
      "dependencies": {
        "@satachito/jp-tree-view": "^1.0.2"
      }
    },
    "node_modules/@satachito/jp-tree-view": {
      "version": "1.0.2",
      "resolved": "https://registry.npmjs.org/@satachito/jp-tree-view/-/jp-tree-view-1.0.2.tgz",
      "integrity": "sha512-f5xmiGHK/UbHZ5Pz3PRTHv4f02g2ybK4QMM1roZjans9J06WJBBGb36mZeRjcLWT3S2b3VEa5sXob4hepovzxw=="
    }
  },
  "dependencies": {
    "@satachito/jp-tree-view": {
      "version": "1.0.2",
      "resolved": "https://registry.npmjs.org/@satachito/jp-tree-view/-/jp-tree-view-1.0.2.tgz",
      "integrity": "sha512-f5xmiGHK/UbHZ5Pz3PRTHv4f02g2ybK4QMM1roZjans9J06WJBBGb36mZeRjcLWT3S2b3VEa5sXob4hepovzxw=="
    }
  }
}
